// !$*UTF8*$!
{
	archiveVersion = 1;
	classes = {
	};
	objectVersion = 46;
	objects = {

/* Begin PBXBuildFile section */
		BF1FB1791C5EE4B7007E2494 /* SaveStateType.swift in Sources */ = {isa = PBXBuildFile; fileRef = BF1FB1781C5EE4B7007E2494 /* SaveStateType.swift */; };
		BF1FB17A1C5EE4B7007E2494 /* SaveStateType.swift in Sources */ = {isa = PBXBuildFile; fileRef = BF1FB1781C5EE4B7007E2494 /* SaveStateType.swift */; };
		BF1FB1891C5EEC14007E2494 /* SaveState.swift in Sources */ = {isa = PBXBuildFile; fileRef = BF1FB1881C5EEC14007E2494 /* SaveState.swift */; };
		BF1FB18A1C5EEC14007E2494 /* SaveState.swift in Sources */ = {isa = PBXBuildFile; fileRef = BF1FB1881C5EEC14007E2494 /* SaveState.swift */; };
		BF299F321CFAE5D000BF59A3 /* GameControllerStateManager.swift in Sources */ = {isa = PBXBuildFile; fileRef = BF299F311CFAE5D000BF59A3 /* GameControllerStateManager.swift */; };
		BF3273D51B86428200494CFC /* ExternalControllerManager.swift in Sources */ = {isa = PBXBuildFile; fileRef = BF3273D41B86428200494CFC /* ExternalControllerManager.swift */; };
		BF34FA131CF18E41006624C7 /* CheatFormat.swift in Sources */ = {isa = PBXBuildFile; fileRef = BF34FA121CF18E40006624C7 /* CheatFormat.swift */; };
		BF3BEA0A1D0BCB94004287EC /* DLTAEmulating.h in Headers */ = {isa = PBXBuildFile; fileRef = BF3BEA091D0BCB94004287EC /* DLTAEmulating.h */; settings = {ATTRIBUTES = (Public, ); }; };
		BF4689631AACF36800A2586D /* DeltaCore.h in Headers */ = {isa = PBXBuildFile; fileRef = BF4689621AACF36800A2586D /* DeltaCore.h */; settings = {ATTRIBUTES = (Public, ); }; };
		BF4689821AAD703500A2586D /* GameType.swift in Sources */ = {isa = PBXBuildFile; fileRef = BF4689811AAD703500A2586D /* GameType.swift */; };
		BF65E8651CEE5DA700CD3247 /* CheatProtocol.swift in Sources */ = {isa = PBXBuildFile; fileRef = BF65E8641CEE5DA700CD3247 /* CheatProtocol.swift */; };
		BF65E86E1CEE68F300CD3247 /* Cheat.swift in Sources */ = {isa = PBXBuildFile; fileRef = BF65E86D1CEE68F300CD3247 /* Cheat.swift */; };
		BF6834021C459C250052249F /* AudioManager.swift in Sources */ = {isa = PBXBuildFile; fileRef = BF6834011C459C250052249F /* AudioManager.swift */; };
		BF6834031C459C250052249F /* AudioManager.swift in Sources */ = {isa = PBXBuildFile; fileRef = BF6834011C459C250052249F /* AudioManager.swift */; };
		BF68340C1C45A1FE0052249F /* DLTARingBuffer.h in Headers */ = {isa = PBXBuildFile; fileRef = BF68340A1C45A1FE0052249F /* DLTARingBuffer.h */; settings = {ATTRIBUTES = (Public, ); }; };
		BF68340D1C45A1FE0052249F /* DLTARingBuffer.h in Headers */ = {isa = PBXBuildFile; fileRef = BF68340A1C45A1FE0052249F /* DLTARingBuffer.h */; settings = {ATTRIBUTES = (Public, ); }; };
		BF68340E1C45A1FE0052249F /* DLTARingBuffer.m in Sources */ = {isa = PBXBuildFile; fileRef = BF68340B1C45A1FE0052249F /* DLTARingBuffer.m */; };
		BF68340F1C45A1FE0052249F /* DLTARingBuffer.m in Sources */ = {isa = PBXBuildFile; fileRef = BF68340B1C45A1FE0052249F /* DLTARingBuffer.m */; };
		BF7079881B6B458B0019077C /* ZipZap.framework in Frameworks */ = {isa = PBXBuildFile; fileRef = BFEE12D11B602CCA00156A2C /* ZipZap.framework */; };
		BF784EBF1C45CBF3007BFDBD /* TPCircularBuffer.c in Sources */ = {isa = PBXBuildFile; fileRef = BF784EBD1C45CBF3007BFDBD /* TPCircularBuffer.c */; };
		BF784EC01C45CBF3007BFDBD /* TPCircularBuffer.c in Sources */ = {isa = PBXBuildFile; fileRef = BF784EBD1C45CBF3007BFDBD /* TPCircularBuffer.c */; };
		BF784EC11C45CBF3007BFDBD /* TPCircularBuffer.h in Headers */ = {isa = PBXBuildFile; fileRef = BF784EBE1C45CBF3007BFDBD /* TPCircularBuffer.h */; };
		BF784EC21C45CBF3007BFDBD /* TPCircularBuffer.h in Headers */ = {isa = PBXBuildFile; fileRef = BF784EBE1C45CBF3007BFDBD /* TPCircularBuffer.h */; };
		BF785C9D1B603C1800189DB8 /* DeltaCore.swift in Sources */ = {isa = PBXBuildFile; fileRef = BF785C9C1B603C1800189DB8 /* DeltaCore.swift */; };
		BF785CAE1B603E6900189DB8 /* MFiExternalController.swift in Sources */ = {isa = PBXBuildFile; fileRef = BF785CAD1B603E6900189DB8 /* MFiExternalController.swift */; };
		BF78880D1C27F5AB0088084C /* UIImage+PDF.swift in Sources */ = {isa = PBXBuildFile; fileRef = BF78880C1C27F5AB0088084C /* UIImage+PDF.swift */; };
		BF86248D1BB745B500C12EEE /* InputType.swift in Sources */ = {isa = PBXBuildFile; fileRef = BFF703D31B4888100098561C /* InputType.swift */; };
		BF86248E1BB745B500C12EEE /* DeltaCore.swift in Sources */ = {isa = PBXBuildFile; fileRef = BF785C9C1B603C1800189DB8 /* DeltaCore.swift */; };
		BF8624901BB745B500C12EEE /* ExternalController.swift in Sources */ = {isa = PBXBuildFile; fileRef = BFAA1FE91B8A971000495943 /* ExternalController.swift */; };
		BF8624921BB745B500C12EEE /* GameType.swift in Sources */ = {isa = PBXBuildFile; fileRef = BF4689811AAD703500A2586D /* GameType.swift */; };
		BF8624931BB745B500C12EEE /* DynamicObject.m in Sources */ = {isa = PBXBuildFile; fileRef = BFECA1D61AE3935700AF9144 /* DynamicObject.m */; };
		BF8624941BB745B500C12EEE /* EmulatorCore.swift in Sources */ = {isa = PBXBuildFile; fileRef = BFF912CF1AB08E7000AC07A1 /* EmulatorCore.swift */; };
		BF8624951BB745B500C12EEE /* MFiExternalController.swift in Sources */ = {isa = PBXBuildFile; fileRef = BF785CAD1B603E6900189DB8 /* MFiExternalController.swift */; };
		BF8624961BB745B500C12EEE /* GameControllerProtocol.swift in Sources */ = {isa = PBXBuildFile; fileRef = BFE4380F1AF606980095A5F1 /* GameControllerProtocol.swift */; };
		BF8624971BB745B500C12EEE /* ExternalControllerManager.swift in Sources */ = {isa = PBXBuildFile; fileRef = BF3273D41B86428200494CFC /* ExternalControllerManager.swift */; };
		BF8624981BB745B500C12EEE /* GameView.swift in Sources */ = {isa = PBXBuildFile; fileRef = BF9873C01AB6C8BF0001D8C9 /* GameView.swift */; };
		BF86249C1BB745B500C12EEE /* DynamicObject.h in Headers */ = {isa = PBXBuildFile; fileRef = BFECA1D51AE3935700AF9144 /* DynamicObject.h */; settings = {ATTRIBUTES = (Public, ); }; };
		BF86249D1BB745B500C12EEE /* DeltaCore.h in Headers */ = {isa = PBXBuildFile; fileRef = BF4689621AACF36800A2586D /* DeltaCore.h */; settings = {ATTRIBUTES = (Public, ); }; };
		BF8624D01BB74A5100C12EEE /* ZipZap.framework in Frameworks */ = {isa = PBXBuildFile; fileRef = BF8624CF1BB74A4A00C12EEE /* ZipZap.framework */; };
		BF95BC081D0A10A6005FC657 /* DLTAEmulatorBridge.h in Headers */ = {isa = PBXBuildFile; fileRef = BF95BC061D0A10A6005FC657 /* DLTAEmulatorBridge.h */; settings = {ATTRIBUTES = (Public, ); }; };
		BF95BC091D0A10A6005FC657 /* DLTAEmulatorBridge.m in Sources */ = {isa = PBXBuildFile; fileRef = BF95BC071D0A10A6005FC657 /* DLTAEmulatorBridge.m */; };
		BF95BC101D0A3437005FC657 /* NSThread+RealTime.h in Headers */ = {isa = PBXBuildFile; fileRef = BF95BC0E1D0A3437005FC657 /* NSThread+RealTime.h */; settings = {ATTRIBUTES = (Public, ); }; };
		BF95BC111D0A3437005FC657 /* NSThread+RealTime.m in Sources */ = {isa = PBXBuildFile; fileRef = BF95BC0F1D0A3437005FC657 /* NSThread+RealTime.m */; };
		BF9873C11AB6C8BF0001D8C9 /* GameView.swift in Sources */ = {isa = PBXBuildFile; fileRef = BF9873C01AB6C8BF0001D8C9 /* GameView.swift */; };
		BFAA1FEA1B8A971000495943 /* ExternalController.swift in Sources */ = {isa = PBXBuildFile; fileRef = BFAA1FE91B8A971000495943 /* ExternalController.swift */; };
		BFAAB95B1C2780C40001B7C4 /* ControllerDebugView.swift in Sources */ = {isa = PBXBuildFile; fileRef = BFAAB95A1C2780C40001B7C4 /* ControllerDebugView.swift */; };
		BFB177971C9A06330052439B /* DLTAAudioRendering.h in Headers */ = {isa = PBXBuildFile; fileRef = BFB177961C9A06330052439B /* DLTAAudioRendering.h */; settings = {ATTRIBUTES = (Public, ); }; };
		BFB355D91C263C8A00D2F25F /* CGGeometry+Dictionary.swift in Sources */ = {isa = PBXBuildFile; fileRef = BFB355D81C263C8A00D2F25F /* CGGeometry+Dictionary.swift */; };
		BFB355DA1C263C8A00D2F25F /* CGGeometry+Dictionary.swift in Sources */ = {isa = PBXBuildFile; fileRef = BFB355D81C263C8A00D2F25F /* CGGeometry+Dictionary.swift */; };
		BFD78F621C994596000441FC /* VideoManager.swift in Sources */ = {isa = PBXBuildFile; fileRef = BFD78F611C994596000441FC /* VideoManager.swift */; };
		BFD78F661C995799000441FC /* DLTAVideoRendering.h in Headers */ = {isa = PBXBuildFile; fileRef = BFD78F651C995799000441FC /* DLTAVideoRendering.h */; settings = {ATTRIBUTES = (Public, ); }; };
		BFD9B9381C262B6A00B5FF7C /* ControllerSkin.swift in Sources */ = {isa = PBXBuildFile; fileRef = BFD9B9371C262B6A00B5FF7C /* ControllerSkin.swift */; };
		BFE438101AF606980095A5F1 /* GameControllerProtocol.swift in Sources */ = {isa = PBXBuildFile; fileRef = BFE4380F1AF606980095A5F1 /* GameControllerProtocol.swift */; };
		BFE438121AF60CDA0095A5F1 /* ControllerView.swift in Sources */ = {isa = PBXBuildFile; fileRef = BFE438111AF60CDA0095A5F1 /* ControllerView.swift */; };
		BFECA1D71AE3935700AF9144 /* DynamicObject.h in Headers */ = {isa = PBXBuildFile; fileRef = BFECA1D51AE3935700AF9144 /* DynamicObject.h */; settings = {ATTRIBUTES = (Public, ); }; };
		BFECA1D81AE3935700AF9144 /* DynamicObject.m in Sources */ = {isa = PBXBuildFile; fileRef = BFECA1D61AE3935700AF9144 /* DynamicObject.m */; };
		BFF703D41B4888100098561C /* InputType.swift in Sources */ = {isa = PBXBuildFile; fileRef = BFF703D31B4888100098561C /* InputType.swift */; };
		BFF912D01AB08E7000AC07A1 /* EmulatorCore.swift in Sources */ = {isa = PBXBuildFile; fileRef = BFF912CF1AB08E7000AC07A1 /* EmulatorCore.swift */; };
/* End PBXBuildFile section */

/* Begin PBXContainerItemProxy section */
		BF762EA71BC1AB6B002C8866 /* PBXContainerItemProxy */ = {
			isa = PBXContainerItemProxy;
			containerPortal = BFEE12C81B602CCA00156A2C /* ZipZap.xcodeproj */;
			proxyType = 2;
			remoteGlobalIDString = BF8624EF1BB74B1F00C12EEE;
			remoteInfo = "ZipZap (tvOS Static Library)";
		};
		BF8624CE1BB74A4A00C12EEE /* PBXContainerItemProxy */ = {
			isa = PBXContainerItemProxy;
			containerPortal = BFEE12C81B602CCA00156A2C /* ZipZap.xcodeproj */;
			proxyType = 2;
			remoteGlobalIDString = BF8624CB1BB7495200C12EEE;
			remoteInfo = "ZipZap (tvOS Framework)";
		};
		BFEE12D01B602CCA00156A2C /* PBXContainerItemProxy */ = {
			isa = PBXContainerItemProxy;
			containerPortal = BFEE12C81B602CCA00156A2C /* ZipZap.xcodeproj */;
			proxyType = 2;
			remoteGlobalIDString = D87BA1F81B3D6DEA00ED7EB3;
			remoteInfo = "ZipZap (iOS Framework)";
		};
		BFEE12D21B602CCA00156A2C /* PBXContainerItemProxy */ = {
			isa = PBXContainerItemProxy;
			containerPortal = BFEE12C81B602CCA00156A2C /* ZipZap.xcodeproj */;
			proxyType = 2;
			remoteGlobalIDString = D899CFB0162C5EEB00112F49;
			remoteInfo = "ZipZap (iOS Static Library)";
		};
		BFEE12D41B602CCA00156A2C /* PBXContainerItemProxy */ = {
			isa = PBXContainerItemProxy;
			containerPortal = BFEE12C81B602CCA00156A2C /* ZipZap.xcodeproj */;
			proxyType = 2;
			remoteGlobalIDString = D8D140D31B423B1100C411B0;
			remoteInfo = "ZipZap (OS X Framework)";
		};
		BFEE12D61B602CCA00156A2C /* PBXContainerItemProxy */ = {
			isa = PBXContainerItemProxy;
			containerPortal = BFEE12C81B602CCA00156A2C /* ZipZap.xcodeproj */;
			proxyType = 2;
			remoteGlobalIDString = D899CF82162C5EC100112F49;
			remoteInfo = "ZipZap (OS X Static Library)";
		};
		BFEE12D81B602CCA00156A2C /* PBXContainerItemProxy */ = {
			isa = PBXContainerItemProxy;
			containerPortal = BFEE12C81B602CCA00156A2C /* ZipZap.xcodeproj */;
			proxyType = 2;
			remoteGlobalIDString = D899CF96162C5EC100112F49;
			remoteInfo = ZipZapTests;
		};
/* End PBXContainerItemProxy section */

/* Begin PBXFileReference section */
		BF1FB1781C5EE4B7007E2494 /* SaveStateType.swift */ = {isa = PBXFileReference; fileEncoding = 4; lastKnownFileType = sourcecode.swift; path = SaveStateType.swift; sourceTree = "<group>"; };
		BF1FB1881C5EEC14007E2494 /* SaveState.swift */ = {isa = PBXFileReference; fileEncoding = 4; lastKnownFileType = sourcecode.swift; path = SaveState.swift; sourceTree = "<group>"; };
		BF299F311CFAE5D000BF59A3 /* GameControllerStateManager.swift */ = {isa = PBXFileReference; fileEncoding = 4; lastKnownFileType = sourcecode.swift; path = GameControllerStateManager.swift; sourceTree = "<group>"; };
		BF3273D41B86428200494CFC /* ExternalControllerManager.swift */ = {isa = PBXFileReference; fileEncoding = 4; lastKnownFileType = sourcecode.swift; path = ExternalControllerManager.swift; sourceTree = "<group>"; };
		BF34FA121CF18E40006624C7 /* CheatFormat.swift */ = {isa = PBXFileReference; fileEncoding = 4; lastKnownFileType = sourcecode.swift; path = CheatFormat.swift; sourceTree = "<group>"; };
		BF3BEA091D0BCB94004287EC /* DLTAEmulating.h */ = {isa = PBXFileReference; fileEncoding = 4; lastKnownFileType = sourcecode.c.h; path = DLTAEmulating.h; sourceTree = "<group>"; };
		BF46895D1AACF36800A2586D /* DeltaCore.framework */ = {isa = PBXFileReference; explicitFileType = wrapper.framework; includeInIndex = 0; path = DeltaCore.framework; sourceTree = BUILT_PRODUCTS_DIR; };
		BF4689611AACF36800A2586D /* Info.plist */ = {isa = PBXFileReference; lastKnownFileType = text.plist.xml; path = Info.plist; sourceTree = "<group>"; };
		BF4689621AACF36800A2586D /* DeltaCore.h */ = {isa = PBXFileReference; lastKnownFileType = sourcecode.c.h; path = DeltaCore.h; sourceTree = "<group>"; };
		BF4689811AAD703500A2586D /* GameType.swift */ = {isa = PBXFileReference; fileEncoding = 4; lastKnownFileType = sourcecode.swift; path = GameType.swift; sourceTree = "<group>"; };
		BF65E8641CEE5DA700CD3247 /* CheatProtocol.swift */ = {isa = PBXFileReference; fileEncoding = 4; lastKnownFileType = sourcecode.swift; path = CheatProtocol.swift; sourceTree = "<group>"; };
		BF65E86D1CEE68F300CD3247 /* Cheat.swift */ = {isa = PBXFileReference; fileEncoding = 4; lastKnownFileType = sourcecode.swift; path = Cheat.swift; sourceTree = "<group>"; };
		BF6834011C459C250052249F /* AudioManager.swift */ = {isa = PBXFileReference; fileEncoding = 4; lastKnownFileType = sourcecode.swift; path = AudioManager.swift; sourceTree = "<group>"; };
		BF68340A1C45A1FE0052249F /* DLTARingBuffer.h */ = {isa = PBXFileReference; fileEncoding = 4; lastKnownFileType = sourcecode.c.h; path = DLTARingBuffer.h; sourceTree = "<group>"; };
		BF68340B1C45A1FE0052249F /* DLTARingBuffer.m */ = {isa = PBXFileReference; fileEncoding = 4; lastKnownFileType = sourcecode.c.objc; path = DLTARingBuffer.m; sourceTree = "<group>"; };
		BF784EBD1C45CBF3007BFDBD /* TPCircularBuffer.c */ = {isa = PBXFileReference; fileEncoding = 4; lastKnownFileType = sourcecode.c.c; name = TPCircularBuffer.c; path = External/TPCircularBuffer/TPCircularBuffer.c; sourceTree = SOURCE_ROOT; };
		BF784EBE1C45CBF3007BFDBD /* TPCircularBuffer.h */ = {isa = PBXFileReference; fileEncoding = 4; lastKnownFileType = sourcecode.c.h; name = TPCircularBuffer.h; path = External/TPCircularBuffer/TPCircularBuffer.h; sourceTree = SOURCE_ROOT; };
		BF785C9C1B603C1800189DB8 /* DeltaCore.swift */ = {isa = PBXFileReference; fileEncoding = 4; lastKnownFileType = sourcecode.swift; path = DeltaCore.swift; sourceTree = "<group>"; };
		BF785CAD1B603E6900189DB8 /* MFiExternalController.swift */ = {isa = PBXFileReference; fileEncoding = 4; lastKnownFileType = sourcecode.swift; path = MFiExternalController.swift; sourceTree = "<group>"; };
		BF78880C1C27F5AB0088084C /* UIImage+PDF.swift */ = {isa = PBXFileReference; fileEncoding = 4; lastKnownFileType = sourcecode.swift; path = "UIImage+PDF.swift"; sourceTree = "<group>"; };
		BF8624A21BB745B500C12EEE /* DeltaCore.framework */ = {isa = PBXFileReference; explicitFileType = wrapper.framework; includeInIndex = 0; path = DeltaCore.framework; sourceTree = BUILT_PRODUCTS_DIR; };
		BF95BC061D0A10A6005FC657 /* DLTAEmulatorBridge.h */ = {isa = PBXFileReference; fileEncoding = 4; lastKnownFileType = sourcecode.c.h; path = DLTAEmulatorBridge.h; sourceTree = "<group>"; };
		BF95BC071D0A10A6005FC657 /* DLTAEmulatorBridge.m */ = {isa = PBXFileReference; fileEncoding = 4; lastKnownFileType = sourcecode.c.objc; path = DLTAEmulatorBridge.m; sourceTree = "<group>"; };
		BF95BC0E1D0A3437005FC657 /* NSThread+RealTime.h */ = {isa = PBXFileReference; fileEncoding = 4; lastKnownFileType = sourcecode.c.h; path = "NSThread+RealTime.h"; sourceTree = "<group>"; };
		BF95BC0F1D0A3437005FC657 /* NSThread+RealTime.m */ = {isa = PBXFileReference; fileEncoding = 4; lastKnownFileType = sourcecode.c.objc; path = "NSThread+RealTime.m"; sourceTree = "<group>"; };
		BF9873C01AB6C8BF0001D8C9 /* GameView.swift */ = {isa = PBXFileReference; fileEncoding = 4; lastKnownFileType = sourcecode.swift; path = GameView.swift; sourceTree = "<group>"; };
		BFAA1FE91B8A971000495943 /* ExternalController.swift */ = {isa = PBXFileReference; fileEncoding = 4; lastKnownFileType = sourcecode.swift; path = ExternalController.swift; sourceTree = "<group>"; };
		BFAAB95A1C2780C40001B7C4 /* ControllerDebugView.swift */ = {isa = PBXFileReference; fileEncoding = 4; lastKnownFileType = sourcecode.swift; path = ControllerDebugView.swift; sourceTree = "<group>"; };
		BFB177961C9A06330052439B /* DLTAAudioRendering.h */ = {isa = PBXFileReference; fileEncoding = 4; lastKnownFileType = sourcecode.c.h; path = DLTAAudioRendering.h; sourceTree = "<group>"; };
		BFB355D81C263C8A00D2F25F /* CGGeometry+Dictionary.swift */ = {isa = PBXFileReference; fileEncoding = 4; lastKnownFileType = sourcecode.swift; path = "CGGeometry+Dictionary.swift"; sourceTree = "<group>"; };
		BFD78F611C994596000441FC /* VideoManager.swift */ = {isa = PBXFileReference; fileEncoding = 4; lastKnownFileType = sourcecode.swift; path = VideoManager.swift; sourceTree = "<group>"; };
		BFD78F651C995799000441FC /* DLTAVideoRendering.h */ = {isa = PBXFileReference; fileEncoding = 4; lastKnownFileType = sourcecode.c.h; path = DLTAVideoRendering.h; sourceTree = "<group>"; };
		BFD9B9371C262B6A00B5FF7C /* ControllerSkin.swift */ = {isa = PBXFileReference; fileEncoding = 4; lastKnownFileType = sourcecode.swift; path = ControllerSkin.swift; sourceTree = "<group>"; };
		BFE4380F1AF606980095A5F1 /* GameControllerProtocol.swift */ = {isa = PBXFileReference; fileEncoding = 4; lastKnownFileType = sourcecode.swift; path = GameControllerProtocol.swift; sourceTree = "<group>"; };
		BFE438111AF60CDA0095A5F1 /* ControllerView.swift */ = {isa = PBXFileReference; fileEncoding = 4; lastKnownFileType = sourcecode.swift; path = ControllerView.swift; sourceTree = "<group>"; };
		BFECA1D51AE3935700AF9144 /* DynamicObject.h */ = {isa = PBXFileReference; fileEncoding = 4; lastKnownFileType = sourcecode.c.h; path = DynamicObject.h; sourceTree = "<group>"; };
		BFECA1D61AE3935700AF9144 /* DynamicObject.m */ = {isa = PBXFileReference; fileEncoding = 4; lastKnownFileType = sourcecode.c.objc; path = DynamicObject.m; sourceTree = "<group>"; };
		BFEE12C81B602CCA00156A2C /* ZipZap.xcodeproj */ = {isa = PBXFileReference; lastKnownFileType = "wrapper.pb-project"; name = ZipZap.xcodeproj; path = External/ZipZap/ZipZap.xcodeproj; sourceTree = SOURCE_ROOT; };
		BFF703D31B4888100098561C /* InputType.swift */ = {isa = PBXFileReference; fileEncoding = 4; lastKnownFileType = sourcecode.swift; path = InputType.swift; sourceTree = "<group>"; };
		BFF912CF1AB08E7000AC07A1 /* EmulatorCore.swift */ = {isa = PBXFileReference; fileEncoding = 4; lastKnownFileType = sourcecode.swift; path = EmulatorCore.swift; sourceTree = "<group>"; };
/* End PBXFileReference section */

/* Begin PBXFrameworksBuildPhase section */
		BF4689591AACF36800A2586D /* Frameworks */ = {
			isa = PBXFrameworksBuildPhase;
			buildActionMask = 2147483647;
			files = (
				BF7079881B6B458B0019077C /* ZipZap.framework in Frameworks */,
			);
			runOnlyForDeploymentPostprocessing = 0;
		};
		BF8624991BB745B500C12EEE /* Frameworks */ = {
			isa = PBXFrameworksBuildPhase;
			buildActionMask = 2147483647;
			files = (
				BF8624D01BB74A5100C12EEE /* ZipZap.framework in Frameworks */,
			);
			runOnlyForDeploymentPostprocessing = 0;
		};
/* End PBXFrameworksBuildPhase section */

/* Begin PBXGroup section */
		BF3273CE1B86426600494CFC /* Managers */ = {
			isa = PBXGroup;
			children = (
				BF3273D41B86428200494CFC /* ExternalControllerManager.swift */,
			);
			name = Managers;
			sourceTree = "<group>";
		};
		BF4689531AACF36800A2586D = {
			isa = PBXGroup;
			children = (
				BF46895F1AACF36800A2586D /* DeltaCore */,
				BF46895E1AACF36800A2586D /* Products */,
			);
			sourceTree = "<group>";
		};
		BF46895E1AACF36800A2586D /* Products */ = {
			isa = PBXGroup;
			children = (
				BF46895D1AACF36800A2586D /* DeltaCore.framework */,
				BF8624A21BB745B500C12EEE /* DeltaCore.framework */,
			);
			name = Products;
			sourceTree = "<group>";
		};
		BF46895F1AACF36800A2586D /* DeltaCore */ = {
			isa = PBXGroup;
			children = (
				BF4689621AACF36800A2586D /* DeltaCore.h */,
				BF785C9C1B603C1800189DB8 /* DeltaCore.swift */,
				BFF912D11AB08E7400AC07A1 /* Core */,
				BFECA1CE1AE38A1A00AF9144 /* Dynamic */,
				BF9873BF1AB6C8AE0001D8C9 /* UI */,
				BF4689801AAD702D00A2586D /* Model */,
				BFAA1FE61B8A722F00495943 /* External Controllers */,
				BF3273CE1B86426600494CFC /* Managers */,
				BFE4380E1AF606660095A5F1 /* Protocols */,
				BFB355D01C263C6700D2F25F /* Extensions */,
				BFEE12C71B602CBF00156A2C /* External */,
				BF4689601AACF36800A2586D /* Supporting Files */,
			);
			path = DeltaCore;
			sourceTree = "<group>";
		};
		BF4689601AACF36800A2586D /* Supporting Files */ = {
			isa = PBXGroup;
			children = (
				BF4689611AACF36800A2586D /* Info.plist */,
			);
			name = "Supporting Files";
			sourceTree = "<group>";
		};
		BF4689801AAD702D00A2586D /* Model */ = {
			isa = PBXGroup;
			children = (
				BFD9B9371C262B6A00B5FF7C /* ControllerSkin.swift */,
				BFAA1FE91B8A971000495943 /* ExternalController.swift */,
				BF299F311CFAE5D000BF59A3 /* GameControllerStateManager.swift */,
				BF1FB1881C5EEC14007E2494 /* SaveState.swift */,
				BF65E86D1CEE68F300CD3247 /* Cheat.swift */,
				BF34FA121CF18E40006624C7 /* CheatFormat.swift */,
			);
			name = Model;
			sourceTree = "<group>";
		};
		BF784EB51C45CBE0007BFDBD /* TPCircularBuffer */ = {
			isa = PBXGroup;
			children = (
				BF784EBE1C45CBF3007BFDBD /* TPCircularBuffer.h */,
				BF784EBD1C45CBF3007BFDBD /* TPCircularBuffer.c */,
			);
			name = TPCircularBuffer;
			sourceTree = "<group>";
		};
		BF9437FE1C46F42400E527B2 /* Audio */ = {
			isa = PBXGroup;
			children = (
				BF6834011C459C250052249F /* AudioManager.swift */,
				BFB177961C9A06330052439B /* DLTAAudioRendering.h */,
				BF68340A1C45A1FE0052249F /* DLTARingBuffer.h */,
				BF68340B1C45A1FE0052249F /* DLTARingBuffer.m */,
			);
			name = Audio;
			sourceTree = "<group>";
		};
		BF95BBFE1D0A107E005FC657 /* Bridge */ = {
			isa = PBXGroup;
			children = (
				BF95BC061D0A10A6005FC657 /* DLTAEmulatorBridge.h */,
				BF95BC071D0A10A6005FC657 /* DLTAEmulatorBridge.m */,
			);
			name = Bridge;
			sourceTree = "<group>";
		};
		BF9873BF1AB6C8AE0001D8C9 /* UI */ = {
			isa = PBXGroup;
			children = (
				BF9873C01AB6C8BF0001D8C9 /* GameView.swift */,
				BFE438111AF60CDA0095A5F1 /* ControllerView.swift */,
				BFAAB95A1C2780C40001B7C4 /* ControllerDebugView.swift */,
			);
			name = UI;
			sourceTree = "<group>";
		};
		BFAA1FE61B8A722F00495943 /* External Controllers */ = {
			isa = PBXGroup;
			children = (
				BF785CAD1B603E6900189DB8 /* MFiExternalController.swift */,
			);
			name = "External Controllers";
			sourceTree = "<group>";
		};
		BFB355D01C263C6700D2F25F /* Extensions */ = {
			isa = PBXGroup;
			children = (
				BFB355D81C263C8A00D2F25F /* CGGeometry+Dictionary.swift */,
				BF78880C1C27F5AB0088084C /* UIImage+PDF.swift */,
				BF95BC0E1D0A3437005FC657 /* NSThread+RealTime.h */,
				BF95BC0F1D0A3437005FC657 /* NSThread+RealTime.m */,
			);
			name = Extensions;
			sourceTree = "<group>";
		};
		BFD78F591C994587000441FC /* Video */ = {
			isa = PBXGroup;
			children = (
				BFD78F611C994596000441FC /* VideoManager.swift */,
				BFD78F651C995799000441FC /* DLTAVideoRendering.h */,
			);
			name = Video;
			sourceTree = "<group>";
		};
		BFE4380E1AF606660095A5F1 /* Protocols */ = {
			isa = PBXGroup;
			children = (
				BF4689811AAD703500A2586D /* GameType.swift */,
				BFE4380F1AF606980095A5F1 /* GameControllerProtocol.swift */,
				BFF703D31B4888100098561C /* InputType.swift */,
				BF1FB1781C5EE4B7007E2494 /* SaveStateType.swift */,
				BF65E8641CEE5DA700CD3247 /* CheatProtocol.swift */,
			);
			name = Protocols;
			sourceTree = "<group>";
		};
		BFECA1CE1AE38A1A00AF9144 /* Dynamic */ = {
			isa = PBXGroup;
			children = (
				BFECA1D51AE3935700AF9144 /* DynamicObject.h */,
				BFECA1D61AE3935700AF9144 /* DynamicObject.m */,
			);
			name = Dynamic;
			sourceTree = "<group>";
		};
		BFEE12C71B602CBF00156A2C /* External */ = {
			isa = PBXGroup;
			children = (
				BFEE12C81B602CCA00156A2C /* ZipZap.xcodeproj */,
				BF784EB51C45CBE0007BFDBD /* TPCircularBuffer */,
			);
			name = External;
			sourceTree = "<group>";
		};
		BFEE12C91B602CCA00156A2C /* Products */ = {
			isa = PBXGroup;
			children = (
				BFEE12D11B602CCA00156A2C /* ZipZap.framework */,
				BFEE12D31B602CCA00156A2C /* libZipZap.a */,
				BFEE12D51B602CCA00156A2C /* ZipZap.framework */,
				BFEE12D71B602CCA00156A2C /* libZipZap.a */,
				BF8624CF1BB74A4A00C12EEE /* ZipZap.framework */,
				BF762EA81BC1AB6B002C8866 /* libZipZap.a */,
				BFEE12D91B602CCA00156A2C /* ZipZapTests.xctest */,
			);
			name = Products;
			sourceTree = "<group>";
		};
		BFF912D11AB08E7400AC07A1 /* Core */ = {
			isa = PBXGroup;
			children = (
				BFF912CF1AB08E7000AC07A1 /* EmulatorCore.swift */,
				BF3BEA091D0BCB94004287EC /* DLTAEmulating.h */,
				BF95BBFE1D0A107E005FC657 /* Bridge */,
				BFD78F591C994587000441FC /* Video */,
				BF9437FE1C46F42400E527B2 /* Audio */,
			);
			name = Core;
			sourceTree = "<group>";
		};
/* End PBXGroup section */

/* Begin PBXHeadersBuildPhase section */
		BF46895A1AACF36800A2586D /* Headers */ = {
			isa = PBXHeadersBuildPhase;
			buildActionMask = 2147483647;
			files = (
				BF95BC101D0A3437005FC657 /* NSThread+RealTime.h in Headers */,
				BFECA1D71AE3935700AF9144 /* DynamicObject.h in Headers */,
				BFD78F661C995799000441FC /* DLTAVideoRendering.h in Headers */,
				BF3BEA0A1D0BCB94004287EC /* DLTAEmulating.h in Headers */,
				BF4689631AACF36800A2586D /* DeltaCore.h in Headers */,
				BF68340C1C45A1FE0052249F /* DLTARingBuffer.h in Headers */,
				BF95BC081D0A10A6005FC657 /* DLTAEmulatorBridge.h in Headers */,
				BF784EC11C45CBF3007BFDBD /* TPCircularBuffer.h in Headers */,
				BFB177971C9A06330052439B /* DLTAAudioRendering.h in Headers */,
			);
			runOnlyForDeploymentPostprocessing = 0;
		};
		BF86249B1BB745B500C12EEE /* Headers */ = {
			isa = PBXHeadersBuildPhase;
			buildActionMask = 2147483647;
			files = (
				BF86249C1BB745B500C12EEE /* DynamicObject.h in Headers */,
				BF86249D1BB745B500C12EEE /* DeltaCore.h in Headers */,
				BF68340D1C45A1FE0052249F /* DLTARingBuffer.h in Headers */,
				BF784EC21C45CBF3007BFDBD /* TPCircularBuffer.h in Headers */,
			);
			runOnlyForDeploymentPostprocessing = 0;
		};
/* End PBXHeadersBuildPhase section */

/* Begin PBXNativeTarget section */
		BF46895C1AACF36800A2586D /* DeltaCore */ = {
			isa = PBXNativeTarget;
			buildConfigurationList = BF4689731AACF36800A2586D /* Build configuration list for PBXNativeTarget "DeltaCore" */;
			buildPhases = (
				BF4689581AACF36800A2586D /* Sources */,
				BF4689591AACF36800A2586D /* Frameworks */,
				BF46895A1AACF36800A2586D /* Headers */,
				BF46895B1AACF36800A2586D /* Resources */,
			);
			buildRules = (
			);
			dependencies = (
			);
			name = DeltaCore;
			productName = DeltaCore;
			productReference = BF46895D1AACF36800A2586D /* DeltaCore.framework */;
			productType = "com.apple.product-type.framework";
		};
		BF86248B1BB745B500C12EEE /* DeltaCoreTV */ = {
			isa = PBXNativeTarget;
			buildConfigurationList = BF86249F1BB745B500C12EEE /* Build configuration list for PBXNativeTarget "DeltaCoreTV" */;
			buildPhases = (
				BF86248C1BB745B500C12EEE /* Sources */,
				BF8624991BB745B500C12EEE /* Frameworks */,
				BF86249B1BB745B500C12EEE /* Headers */,
				BF86249E1BB745B500C12EEE /* Resources */,
			);
			buildRules = (
			);
			dependencies = (
			);
			name = DeltaCoreTV;
			productName = DeltaCore;
			productReference = BF8624A21BB745B500C12EEE /* DeltaCore.framework */;
			productType = "com.apple.product-type.framework";
		};
/* End PBXNativeTarget section */

/* Begin PBXProject section */
		BF4689541AACF36800A2586D /* Project object */ = {
			isa = PBXProject;
			attributes = {
				LastSwiftUpdateCheck = 0700;
				LastUpgradeCheck = 0710;
				ORGANIZATIONNAME = "Riley Testut";
				TargetAttributes = {
					BF46895C1AACF36800A2586D = {
						CreatedOnToolsVersion = 6.3;
						LastSwiftMigration = 0800;
					};
				};
			};
			buildConfigurationList = BF4689571AACF36800A2586D /* Build configuration list for PBXProject "DeltaCore" */;
			compatibilityVersion = "Xcode 3.2";
			developmentRegion = English;
			hasScannedForEncodings = 0;
			knownRegions = (
				en,
			);
			mainGroup = BF4689531AACF36800A2586D;
			productRefGroup = BF46895E1AACF36800A2586D /* Products */;
			projectDirPath = "";
			projectReferences = (
				{
					ProductGroup = BFEE12C91B602CCA00156A2C /* Products */;
					ProjectRef = BFEE12C81B602CCA00156A2C /* ZipZap.xcodeproj */;
				},
			);
			projectRoot = "";
			targets = (
				BF46895C1AACF36800A2586D /* DeltaCore */,
				BF86248B1BB745B500C12EEE /* DeltaCoreTV */,
			);
		};
/* End PBXProject section */

/* Begin PBXReferenceProxy section */
		BF762EA81BC1AB6B002C8866 /* libZipZap.a */ = {
			isa = PBXReferenceProxy;
			fileType = archive.ar;
			path = libZipZap.a;
			remoteRef = BF762EA71BC1AB6B002C8866 /* PBXContainerItemProxy */;
			sourceTree = BUILT_PRODUCTS_DIR;
		};
		BF8624CF1BB74A4A00C12EEE /* ZipZap.framework */ = {
			isa = PBXReferenceProxy;
			fileType = wrapper.framework;
			path = ZipZap.framework;
			remoteRef = BF8624CE1BB74A4A00C12EEE /* PBXContainerItemProxy */;
			sourceTree = BUILT_PRODUCTS_DIR;
		};
		BFEE12D11B602CCA00156A2C /* ZipZap.framework */ = {
			isa = PBXReferenceProxy;
			fileType = wrapper.framework;
			path = ZipZap.framework;
			remoteRef = BFEE12D01B602CCA00156A2C /* PBXContainerItemProxy */;
			sourceTree = BUILT_PRODUCTS_DIR;
		};
		BFEE12D31B602CCA00156A2C /* libZipZap.a */ = {
			isa = PBXReferenceProxy;
			fileType = archive.ar;
			path = libZipZap.a;
			remoteRef = BFEE12D21B602CCA00156A2C /* PBXContainerItemProxy */;
			sourceTree = BUILT_PRODUCTS_DIR;
		};
		BFEE12D51B602CCA00156A2C /* ZipZap.framework */ = {
			isa = PBXReferenceProxy;
			fileType = wrapper.framework;
			path = ZipZap.framework;
			remoteRef = BFEE12D41B602CCA00156A2C /* PBXContainerItemProxy */;
			sourceTree = BUILT_PRODUCTS_DIR;
		};
		BFEE12D71B602CCA00156A2C /* libZipZap.a */ = {
			isa = PBXReferenceProxy;
			fileType = archive.ar;
			path = libZipZap.a;
			remoteRef = BFEE12D61B602CCA00156A2C /* PBXContainerItemProxy */;
			sourceTree = BUILT_PRODUCTS_DIR;
		};
		BFEE12D91B602CCA00156A2C /* ZipZapTests.xctest */ = {
			isa = PBXReferenceProxy;
			fileType = wrapper.cfbundle;
			path = ZipZapTests.xctest;
			remoteRef = BFEE12D81B602CCA00156A2C /* PBXContainerItemProxy */;
			sourceTree = BUILT_PRODUCTS_DIR;
		};
/* End PBXReferenceProxy section */

/* Begin PBXResourcesBuildPhase section */
		BF46895B1AACF36800A2586D /* Resources */ = {
			isa = PBXResourcesBuildPhase;
			buildActionMask = 2147483647;
			files = (
			);
			runOnlyForDeploymentPostprocessing = 0;
		};
		BF86249E1BB745B500C12EEE /* Resources */ = {
			isa = PBXResourcesBuildPhase;
			buildActionMask = 2147483647;
			files = (
			);
			runOnlyForDeploymentPostprocessing = 0;
		};
/* End PBXResourcesBuildPhase section */

/* Begin PBXSourcesBuildPhase section */
		BF4689581AACF36800A2586D /* Sources */ = {
			isa = PBXSourcesBuildPhase;
			buildActionMask = 2147483647;
			files = (
				BF299F321CFAE5D000BF59A3 /* GameControllerStateManager.swift in Sources */,
				BFF703D41B4888100098561C /* InputType.swift in Sources */,
				BF785C9D1B603C1800189DB8 /* DeltaCore.swift in Sources */,
				BF1FB1791C5EE4B7007E2494 /* SaveStateType.swift in Sources */,
				BF65E8651CEE5DA700CD3247 /* CheatProtocol.swift in Sources */,
				BFAA1FEA1B8A971000495943 /* ExternalController.swift in Sources */,
				BF95BC111D0A3437005FC657 /* NSThread+RealTime.m in Sources */,
				BFE438121AF60CDA0095A5F1 /* ControllerView.swift in Sources */,
				BFAAB95B1C2780C40001B7C4 /* ControllerDebugView.swift in Sources */,
				BF1FB1891C5EEC14007E2494 /* SaveState.swift in Sources */,
				BF4689821AAD703500A2586D /* GameType.swift in Sources */,
				BF784EBF1C45CBF3007BFDBD /* TPCircularBuffer.c in Sources */,
				BFECA1D81AE3935700AF9144 /* DynamicObject.m in Sources */,
				BF68340E1C45A1FE0052249F /* DLTARingBuffer.m in Sources */,
				BFB355D91C263C8A00D2F25F /* CGGeometry+Dictionary.swift in Sources */,
				BFF912D01AB08E7000AC07A1 /* EmulatorCore.swift in Sources */,
				BFD9B9381C262B6A00B5FF7C /* ControllerSkin.swift in Sources */,
				BF6834021C459C250052249F /* AudioManager.swift in Sources */,
				BF785CAE1B603E6900189DB8 /* MFiExternalController.swift in Sources */,
				BF95BC091D0A10A6005FC657 /* DLTAEmulatorBridge.m in Sources */,
				BFE438101AF606980095A5F1 /* GameControllerProtocol.swift in Sources */,
				BF34FA131CF18E41006624C7 /* CheatFormat.swift in Sources */,
				BFD78F621C994596000441FC /* VideoManager.swift in Sources */,
				BF3273D51B86428200494CFC /* ExternalControllerManager.swift in Sources */,
				BF78880D1C27F5AB0088084C /* UIImage+PDF.swift in Sources */,
				BF9873C11AB6C8BF0001D8C9 /* GameView.swift in Sources */,
				BF65E86E1CEE68F300CD3247 /* Cheat.swift in Sources */,
			);
			runOnlyForDeploymentPostprocessing = 0;
		};
		BF86248C1BB745B500C12EEE /* Sources */ = {
			isa = PBXSourcesBuildPhase;
			buildActionMask = 2147483647;
			files = (
				BF784EC01C45CBF3007BFDBD /* TPCircularBuffer.c in Sources */,
				BF86248D1BB745B500C12EEE /* InputType.swift in Sources */,
				BF86248E1BB745B500C12EEE /* DeltaCore.swift in Sources */,
				BF8624901BB745B500C12EEE /* ExternalController.swift in Sources */,
				BF8624921BB745B500C12EEE /* GameType.swift in Sources */,
				BF8624931BB745B500C12EEE /* DynamicObject.m in Sources */,
				BF68340F1C45A1FE0052249F /* DLTARingBuffer.m in Sources */,
				BF8624941BB745B500C12EEE /* EmulatorCore.swift in Sources */,
				BF6834031C459C250052249F /* AudioManager.swift in Sources */,
				BF8624951BB745B500C12EEE /* MFiExternalController.swift in Sources */,
				BF1FB18A1C5EEC14007E2494 /* SaveState.swift in Sources */,
				BFB355DA1C263C8A00D2F25F /* CGGeometry+Dictionary.swift in Sources */,
				BF8624961BB745B500C12EEE /* GameControllerProtocol.swift in Sources */,
				BF1FB17A1C5EE4B7007E2494 /* SaveStateType.swift in Sources */,
				BF8624971BB745B500C12EEE /* ExternalControllerManager.swift in Sources */,
				BF8624981BB745B500C12EEE /* GameView.swift in Sources */,
			);
			runOnlyForDeploymentPostprocessing = 0;
		};
/* End PBXSourcesBuildPhase section */

/* Begin XCBuildConfiguration section */
		BF4689711AACF36800A2586D /* Debug */ = {
			isa = XCBuildConfiguration;
			buildSettings = {
				ALWAYS_SEARCH_USER_PATHS = NO;
				CLANG_CXX_LANGUAGE_STANDARD = "gnu++0x";
				CLANG_CXX_LIBRARY = "libc++";
				CLANG_ENABLE_MODULES = YES;
				CLANG_ENABLE_OBJC_ARC = YES;
				CLANG_WARN_BOOL_CONVERSION = YES;
				CLANG_WARN_CONSTANT_CONVERSION = YES;
				CLANG_WARN_DIRECT_OBJC_ISA_USAGE = YES_ERROR;
				CLANG_WARN_EMPTY_BODY = YES;
				CLANG_WARN_ENUM_CONVERSION = YES;
				CLANG_WARN_INT_CONVERSION = YES;
				CLANG_WARN_OBJC_ROOT_CLASS = YES_ERROR;
				CLANG_WARN_UNREACHABLE_CODE = YES;
				CLANG_WARN__DUPLICATE_METHOD_MATCH = YES;
				"CODE_SIGN_IDENTITY[sdk=iphoneos*]" = "iPhone Developer";
				COPY_PHASE_STRIP = NO;
				CURRENT_PROJECT_VERSION = 1;
				DEBUG_INFORMATION_FORMAT = dwarf;
				ENABLE_STRICT_OBJC_MSGSEND = YES;
				ENABLE_TESTABILITY = YES;
				GCC_C_LANGUAGE_STANDARD = gnu99;
				GCC_DYNAMIC_NO_PIC = NO;
				GCC_NO_COMMON_BLOCKS = YES;
				GCC_OPTIMIZATION_LEVEL = 0;
				GCC_PREPROCESSOR_DEFINITIONS = (
					"DEBUG=1",
					"$(inherited)",
				);
				GCC_SYMBOLS_PRIVATE_EXTERN = NO;
				GCC_WARN_64_TO_32_BIT_CONVERSION = YES;
				GCC_WARN_ABOUT_RETURN_TYPE = YES_ERROR;
				GCC_WARN_UNDECLARED_SELECTOR = YES;
				GCC_WARN_UNINITIALIZED_AUTOS = YES_AGGRESSIVE;
				GCC_WARN_UNUSED_FUNCTION = YES;
				GCC_WARN_UNUSED_VARIABLE = YES;
				INFOPLIST_FILE = DeltaCore/Info.plist;
				IPHONEOS_DEPLOYMENT_TARGET = 8.0;
				MTL_ENABLE_DEBUG_INFO = YES;
				ONLY_ACTIVE_ARCH = YES;
				PRODUCT_NAME = DeltaCore;
				SDKROOT = iphoneos;
				SWIFT_OPTIMIZATION_LEVEL = "-Onone";
				TARGETED_DEVICE_FAMILY = "1,2";
				VERSIONING_SYSTEM = "apple-generic";
				VERSION_INFO_PREFIX = "";
			};
			name = Debug;
		};
		BF4689721AACF36800A2586D /* Release */ = {
			isa = XCBuildConfiguration;
			buildSettings = {
				ALWAYS_SEARCH_USER_PATHS = NO;
				CLANG_CXX_LANGUAGE_STANDARD = "gnu++0x";
				CLANG_CXX_LIBRARY = "libc++";
				CLANG_ENABLE_MODULES = YES;
				CLANG_ENABLE_OBJC_ARC = YES;
				CLANG_WARN_BOOL_CONVERSION = YES;
				CLANG_WARN_CONSTANT_CONVERSION = YES;
				CLANG_WARN_DIRECT_OBJC_ISA_USAGE = YES_ERROR;
				CLANG_WARN_EMPTY_BODY = YES;
				CLANG_WARN_ENUM_CONVERSION = YES;
				CLANG_WARN_INT_CONVERSION = YES;
				CLANG_WARN_OBJC_ROOT_CLASS = YES_ERROR;
				CLANG_WARN_UNREACHABLE_CODE = YES;
				CLANG_WARN__DUPLICATE_METHOD_MATCH = YES;
				"CODE_SIGN_IDENTITY[sdk=iphoneos*]" = "iPhone Developer";
				COPY_PHASE_STRIP = NO;
				CURRENT_PROJECT_VERSION = 1;
				DEBUG_INFORMATION_FORMAT = "dwarf-with-dsym";
				ENABLE_NS_ASSERTIONS = NO;
				ENABLE_STRICT_OBJC_MSGSEND = YES;
				GCC_C_LANGUAGE_STANDARD = gnu99;
				GCC_NO_COMMON_BLOCKS = YES;
				GCC_WARN_64_TO_32_BIT_CONVERSION = YES;
				GCC_WARN_ABOUT_RETURN_TYPE = YES_ERROR;
				GCC_WARN_UNDECLARED_SELECTOR = YES;
				GCC_WARN_UNINITIALIZED_AUTOS = YES_AGGRESSIVE;
				GCC_WARN_UNUSED_FUNCTION = YES;
				GCC_WARN_UNUSED_VARIABLE = YES;
				INFOPLIST_FILE = DeltaCore/Info.plist;
				IPHONEOS_DEPLOYMENT_TARGET = 8.0;
				MTL_ENABLE_DEBUG_INFO = NO;
				PRODUCT_NAME = DeltaCore;
				SDKROOT = iphoneos;
				TARGETED_DEVICE_FAMILY = "1,2";
				VALIDATE_PRODUCT = YES;
				VERSIONING_SYSTEM = "apple-generic";
				VERSION_INFO_PREFIX = "";
			};
			name = Release;
		};
		BF4689741AACF36800A2586D /* Debug */ = {
			isa = XCBuildConfiguration;
			buildSettings = {
				CLANG_ENABLE_MODULES = YES;
				DEFINES_MODULE = YES;
				DYLIB_COMPATIBILITY_VERSION = 1;
				DYLIB_CURRENT_VERSION = 1;
				DYLIB_INSTALL_NAME_BASE = "@rpath";
				INSTALL_PATH = "$(LOCAL_LIBRARY_DIR)/Frameworks";
				IPHONEOS_DEPLOYMENT_TARGET = 9.0;
				LD_RUNPATH_SEARCH_PATHS = "$(inherited) @executable_path/Frameworks @loader_path/Frameworks";
				PRODUCT_BUNDLE_IDENTIFIER = "com.rileytestut.$(PRODUCT_NAME:rfc1034identifier)";
				SKIP_INSTALL = YES;
				SWIFT_OPTIMIZATION_LEVEL = "-Onone";
				SWIFT_VERSION = 3.0;
			};
			name = Debug;
		};
		BF4689751AACF36800A2586D /* Release */ = {
			isa = XCBuildConfiguration;
			buildSettings = {
				CLANG_ENABLE_MODULES = YES;
				DEFINES_MODULE = YES;
				DYLIB_COMPATIBILITY_VERSION = 1;
				DYLIB_CURRENT_VERSION = 1;
				DYLIB_INSTALL_NAME_BASE = "@rpath";
				INSTALL_PATH = "$(LOCAL_LIBRARY_DIR)/Frameworks";
				IPHONEOS_DEPLOYMENT_TARGET = 9.0;
				LD_RUNPATH_SEARCH_PATHS = "$(inherited) @executable_path/Frameworks @loader_path/Frameworks";
				PRODUCT_BUNDLE_IDENTIFIER = "com.rileytestut.$(PRODUCT_NAME:rfc1034identifier)";
				SKIP_INSTALL = YES;
				SWIFT_VERSION = 3.0;
			};
			name = Release;
		};
		BF8624A01BB745B500C12EEE /* Debug */ = {
			isa = XCBuildConfiguration;
			buildSettings = {
				CLANG_ENABLE_MODULES = YES;
				DEFINES_MODULE = YES;
				DYLIB_COMPATIBILITY_VERSION = 1;
				DYLIB_CURRENT_VERSION = 1;
				DYLIB_INSTALL_NAME_BASE = "@rpath";
				INSTALL_PATH = "$(LOCAL_LIBRARY_DIR)/Frameworks";
				LD_RUNPATH_SEARCH_PATHS = "$(inherited) @executable_path/Frameworks @loader_path/Frameworks";
				PRODUCT_BUNDLE_IDENTIFIER = "com.rileytestut.$(PRODUCT_NAME:rfc1034identifier)";
				SDKROOT = appletvos;
				SKIP_INSTALL = YES;
				SWIFT_OPTIMIZATION_LEVEL = "-Onone";
				TVOS_DEPLOYMENT_TARGET = 9.0;
			};
			name = Debug;
		};
		BF8624A11BB745B500C12EEE /* Release */ = {
			isa = XCBuildConfiguration;
			buildSettings = {
				CLANG_ENABLE_MODULES = YES;
				DEFINES_MODULE = YES;
				DYLIB_COMPATIBILITY_VERSION = 1;
				DYLIB_CURRENT_VERSION = 1;
				DYLIB_INSTALL_NAME_BASE = "@rpath";
				INSTALL_PATH = "$(LOCAL_LIBRARY_DIR)/Frameworks";
				LD_RUNPATH_SEARCH_PATHS = "$(inherited) @executable_path/Frameworks @loader_path/Frameworks";
				PRODUCT_BUNDLE_IDENTIFIER = "com.rileytestut.$(PRODUCT_NAME:rfc1034identifier)";
				SDKROOT = appletvos;
				SKIP_INSTALL = YES;
				TVOS_DEPLOYMENT_TARGET = 9.0;
			};
			name = Release;
		};
/* End XCBuildConfiguration section */

/* Begin XCConfigurationList section */
		BF4689571AACF36800A2586D /* Build configuration list for PBXProject "DeltaCore" */ = {
			isa = XCConfigurationList;
			buildConfigurations = (
				BF4689711AACF36800A2586D /* Debug */,
				BF4689721AACF36800A2586D /* Release */,
			);
			defaultConfigurationIsVisible = 0;
			defaultConfigurationName = Release;
		};
		BF4689731AACF36800A2586D /* Build configuration list for PBXNativeTarget "DeltaCore" */ = {
			isa = XCConfigurationList;
			buildConfigurations = (
				BF4689741AACF36800A2586D /* Debug */,
				BF4689751AACF36800A2586D /* Release */,
			);
			defaultConfigurationIsVisible = 0;
			defaultConfigurationName = Release;
		};
		BF86249F1BB745B500C12EEE /* Build configuration list for PBXNativeTarget "DeltaCoreTV" */ = {
			isa = XCConfigurationList;
			buildConfigurations = (
				BF8624A01BB745B500C12EEE /* Debug */,
				BF8624A11BB745B500C12EEE /* Release */,
			);
			defaultConfigurationIsVisible = 0;
			defaultConfigurationName = Release;
		};
/* End XCConfigurationList section */
	};
	rootObject = BF4689541AACF36800A2586D /* Project object */;
}
